
Microsoft Visual Studio Solution File, Format Version 12.00
# Visual Studio Version 16
VisualStudioVersion = 16.0.30611.23
MinimumVisualStudioVersion = 10.0.40219.1
Project("{FAE04EC0-301F-11D3-BF4B-00C04F79EFBC}") = "EFaturaService", "EFaturaService\EFaturaService.csproj", "{DB3EFCF2-B2D5-4D7D-B30E-02E84C3C900A}"
EndProject
Global
	GlobalSection(SolutionConfigurationPlatforms) = preSolution
		Debug|Any CPU = Debug|Any CPU
		Release|Any CPU = Release|Any CPU
	EndGlobalSection
	GlobalSection(ProjectConfigurationPlatforms) = postSolution
		{DB3EFCF2-B2D5-4D7D-B30E-02E84C3C900A}.Debug|Any CPU.ActiveCfg = Debug|Any CPU
		{DB3EFCF2-B2D5-4D7D-B30E-02E84C3C900A}.Debug|Any CPU.Build.0 = Debug|Any CPU
		{DB3EFCF2-B2D5-4D7D-B30E-02E84C3C900A}.Release|Any CPU.ActiveCfg = Release|Any CPU
		{DB3EFCF2-B2D5-4D7D-B30E-02E84C3C900A}.Release|Any CPU.Build.0 = Release|Any CPU
	EndGlobalSection
	GlobalSection(SolutionProperties) = preSolution
		HideSolutionNode = FALSE
	EndGlobalSection
	GlobalSection(ExtensibilityGlobals) = postSolution
		SolutionGuid = {54138A6D-AE59-4BA8-90C7-88AF4A0A2DF1}
	EndGlobalSection
EndGlobal
